
Microsoft Visual Studio Solution File, Format Version 12.00
# Visual Studio 15
Project("{FAE04EC0-301F-11D3-BF4B-00C04F79EFBC}") = "Sphere_SPL", "Sphere_SPL\Sphere_SPL.csproj", "{5D2F7FE6-B96F-46F9-A5CE-0C6B875D6E58}"
EndProject
Global
	GlobalSection(SolutionConfigurationPlatforms) = preSolution
		Debug|Any CPU = Debug|Any CPU
		Release|Any CPU = Release|Any CPU
	EndGlobalSection
	GlobalSection(ProjectConfigurationPlatforms) = postSolution
		{5D2F7FE6-B96F-46F9-A5CE-0C6B875D6E58}.Debug|Any CPU.ActiveCfg = Debug|Any CPU
		{5D2F7FE6-B96F-46F9-A5CE-0C6B875D6E58}.Debug|Any CPU.Build.0 = Debug|Any CPU
		{5D2F7FE6-B96F-46F9-A5CE-0C6B875D6E58}.Release|Any CPU.ActiveCfg = Release|Any CPU
		{5D2F7FE6-B96F-46F9-A5CE-0C6B875D6E58}.Release|Any CPU.Build.0 = Release|Any CPU
	EndGlobalSection
EndGlobal
